
Microsoft Visual Studio Solution File, Format Version 12.00
# Visual Studio Version 17
VisualStudioVersion = 17.8.34316.72
MinimumVisualStudioVersion = 10.0.40219.1
Project("{FAE04EC0-301F-11D3-BF4B-00C04F79EFBC}") = "HangfireSampleProject", "HangfireSampleProject\HangfireSampleProject.csproj", "{00F3D501-0331-4CF6-899C-D0F308CD23D1}"
EndProject
Global
	GlobalSection(SolutionConfigurationPlatforms) = preSolution
		Debug|Any CPU = Debug|Any CPU
		Release|Any CPU = Release|Any CPU
	EndGlobalSection
	GlobalSection(ProjectConfigurationPlatforms) = postSolution
		{00F3D501-0331-4CF6-899C-D0F308CD23D1}.Debug|Any CPU.ActiveCfg = Debug|Any CPU
		{00F3D501-0331-4CF6-899C-D0F308CD23D1}.Debug|Any CPU.Build.0 = Debug|Any CPU
		{00F3D501-0331-4CF6-899C-D0F308CD23D1}.Release|Any CPU.ActiveCfg = Release|Any CPU
		{00F3D501-0331-4CF6-899C-D0F308CD23D1}.Release|Any CPU.Build.0 = Release|Any CPU
	EndGlobalSection
	GlobalSection(SolutionProperties) = preSolution
		HideSolutionNode = FALSE
	EndGlobalSection
	GlobalSection(ExtensibilityGlobals) = postSolution
		SolutionGuid = {1FE72B48-E44F-4CD8-BD78-CD3EE2C2F745}
	EndGlobalSection
EndGlobal
